#MicroXplorer Configuration settings - do not modify
ADC1.Channel-4\#ChannelRegularConversion=ADC_CHANNEL_0
ADC1.IPParameters=Rank-4\#ChannelRegularConversion,Channel-4\#ChannelRegularConversion,SamplingTime-4\#ChannelRegularConversion,NbrOfConversionFlag,master
ADC1.NbrOfConversionFlag=1
ADC1.Rank-4\#ChannelRegularConversion=1
ADC1.SamplingTime-4\#ChannelRegularConversion=ADC_SAMPLETIME_3CYCLES
ADC1.master=1
File.Version=6
KeepUserPlacement=false
Mcu.Family=STM32F4
Mcu.IP0=ADC1
Mcu.IP1=I2C1
Mcu.IP10=USART1
Mcu.IP11=USART2
Mcu.IP12=USB_OTG_FS
Mcu.IP2=I2C3
Mcu.IP3=NVIC
Mcu.IP4=RCC
Mcu.IP5=RTC
Mcu.IP6=SPI2
Mcu.IP7=SYS
Mcu.IP8=TIM2
Mcu.IP9=TIM3
Mcu.IPNb=13
Mcu.Name=STM32F401R(D-E)Tx
Mcu.Package=LQFP64
Mcu.Pin0=PC13-ANTI_TAMP
Mcu.Pin1=PC14-OSC32_IN
Mcu.Pin10=PA2
Mcu.Pin11=PA3
Mcu.Pin12=PA4
Mcu.Pin13=PA5
Mcu.Pin14=PA6
Mcu.Pin15=PA7
Mcu.Pin16=PB0
Mcu.Pin17=PB1
Mcu.Pin18=PB10
Mcu.Pin19=PB13
Mcu.Pin2=PC15-OSC32_OUT
Mcu.Pin20=PB14
Mcu.Pin21=PB15
Mcu.Pin22=PC7
Mcu.Pin23=PC8
Mcu.Pin24=PC9
Mcu.Pin25=PA8
Mcu.Pin26=PA9
Mcu.Pin27=PA10
Mcu.Pin28=PA11
Mcu.Pin29=PA12
Mcu.Pin3=PH0 - OSC_IN
Mcu.Pin30=PA15
Mcu.Pin31=PC11
Mcu.Pin32=PC12
Mcu.Pin33=PB4
Mcu.Pin34=PB6
Mcu.Pin35=PB7
Mcu.Pin36=PB8
Mcu.Pin37=VP_ADC1_TempSens_Input
Mcu.Pin38=VP_ADC1_Vref_Input
Mcu.Pin39=VP_RTC_VS_RTC_Activate
Mcu.Pin4=PH1 - OSC_OUT
Mcu.Pin40=VP_SYS_VS_Systick
Mcu.Pin41=VP_TIM2_VS_ClockSourceINT
Mcu.Pin5=PC1
Mcu.Pin6=PC2
Mcu.Pin7=PC3
Mcu.Pin8=PA0-WKUP
Mcu.Pin9=PA1
Mcu.PinsNb=42
Mcu.ThirdPartyNb=0
Mcu.UserConstants=
Mcu.UserName=STM32F401RETx
MxCube.Version=4.26.0
MxDb.Version=DB.4.0.260
NVIC.BusFault_IRQn=true\:0\:0\:false\:false\:true\:false
NVIC.DebugMonitor_IRQn=true\:0\:0\:false\:false\:true\:false
NVIC.HardFault_IRQn=true\:0\:0\:false\:false\:true\:false
NVIC.MemoryManagement_IRQn=true\:0\:0\:false\:false\:true\:false
NVIC.NonMaskableInt_IRQn=true\:0\:0\:false\:false\:true\:false
NVIC.PendSV_IRQn=true\:0\:0\:false\:false\:true\:false
NVIC.PriorityGroup=NVIC_PRIORITYGROUP_4
NVIC.SVCall_IRQn=true\:0\:0\:false\:false\:true\:false
NVIC.SysTick_IRQn=true\:0\:0\:false\:false\:true\:false
NVIC.UsageFault_IRQn=true\:0\:0\:false\:false\:true\:false
PA0-WKUP.GPIOParameters=GPIO_Label
PA0-WKUP.GPIO_Label=CH0 ADC
PA0-WKUP.Locked=true
PA0-WKUP.Signal=ADCx_IN0
PA1.GPIOParameters=GPIO_Label
PA1.GPIO_Label=CH1 ADC
PA1.Locked=true
PA1.Signal=ADCx_IN1
PA10.GPIOParameters=GPIO_Label
PA10.GPIO_Label=RX_TO_GPSTX
PA10.Locked=true
PA10.Mode=Asynchronous
PA10.Signal=USART1_RX
PA11.Locked=true
PA11.Mode=Device_Only
PA11.Signal=USB_OTG_FS_DM
PA12.Locked=true
PA12.Mode=Device_Only
PA12.Signal=USB_OTG_FS_DP
PA15.GPIOParameters=GPIO_Label
PA15.GPIO_Label=GPS_PPS
PA15.Locked=true
PA15.Signal=S_TIM2_CH1_ETR
PA2.GPIOParameters=GPIO_Label
PA2.GPIO_Label=TX_TO_PIRX
PA2.Locked=true
PA2.Mode=Asynchronous
PA2.Signal=USART2_TX
PA3.GPIOParameters=GPIO_Label
PA3.GPIO_Label=RX_TO_PITX
PA3.Locked=true
PA3.Mode=Asynchronous
PA3.Signal=USART2_RX
PA4.GPIOParameters=GPIO_Label
PA4.GPIO_Label=EVT Led
PA4.Locked=true
PA4.Signal=GPIO_Output
PA5.GPIOParameters=GPIO_Label
PA5.GPIO_Label=GPS PPS and ON
PA5.Locked=true
PA5.Signal=GPIO_Output
PA6.GPIOParameters=GPIO_Label
PA6.GPIO_Label=INJ_LED
PA6.Signal=S_TIM3_CH1
PA7.GPIOParameters=GPIO_Label
PA7.GPIO_Label=BIASFB1
PA7.Locked=true
PA7.Signal=ADCx_IN7
PA8.GPIOParameters=GPIO_Label
PA8.GPIO_Label=SCL1_SLAVE
PA8.Locked=true
PA8.Mode=I2C
PA8.Signal=I2C3_SCL
PA9.Locked=true
PA9.Mode=Activate_VBUS
PA9.Signal=USB_OTG_FS_VBUS
PB0.GPIOParameters=GPIO_Label
PB0.GPIO_Label=BIASFB2
PB0.Locked=true
PB0.Signal=ADCx_IN8
PB1.GPIOParameters=GPIO_Label
PB1.GPIO_Label=FLAG
PB1.Locked=true
PB1.Signal=GPIO_Output
PB10.GPIOParameters=GPIO_Label
PB10.GPIO_Label=TRIG_OUT
PB10.Locked=true
PB10.Signal=S_TIM2_CH3
PB13.Locked=true
PB13.Mode=Simplex_Bidirectional_Master
PB13.Signal=SPI2_SCK
PB14.GPIOParameters=GPIO_Label
PB14.GPIO_Label=Baro_SA0
PB14.Locked=true
PB14.Signal=GPIO_Output
PB15.GPIOParameters=GPIO_Label
PB15.GPIO_Label=ACCEL_SD0
PB15.Locked=true
PB15.Signal=GPIO_Input
PB4.GPIOParameters=GPIO_Label
PB4.GPIO_Label=SDA1_SLAVE
PB4.Locked=true
PB4.Mode=I2C
PB4.Signal=I2C3_SDA
PB6.GPIOParameters=GPIO_Label
PB6.GPIO_Label=TX_TO_GPSRX
PB6.Locked=true
PB6.Mode=Asynchronous
PB6.Signal=USART1_TX
PB7.GPIOParameters=GPIO_Label
PB7.GPIO_Label=SDA0_MASTER
PB7.Locked=true
PB7.Mode=I2C
PB7.Signal=I2C1_SDA
PB8.GPIOParameters=GPIO_Label
PB8.GPIO_Label=SCL0_MASTER
PB8.Locked=true
PB8.Mode=I2C
PB8.Signal=I2C1_SCL
PC1.GPIOParameters=GPIO_Label
PC1.GPIO_Label=MAX1932_\!CL1
PC1.Locked=true
PC1.Signal=GPIO_Input
PC11.GPIOParameters=GPIO_Label
PC11.GPIO_Label=STRIGOUT_B
PC11.Locked=true
PC11.Signal=GPIO_Input
PC12.GPIOParameters=GPIO_Label
PC12.GPIO_Label=STRIGOUT_A
PC12.Locked=true
PC12.Signal=GPIO_Input
PC13-ANTI_TAMP.GPIOParameters=GPIO_Label
PC13-ANTI_TAMP.GPIO_Label=BaroInt
PC13-ANTI_TAMP.Locked=true
PC13-ANTI_TAMP.Signal=GPIO_Input
PC14-OSC32_IN.GPIOParameters=GPIO_Label
PC14-OSC32_IN.GPIO_Label=AccelInt1
PC14-OSC32_IN.Locked=true
PC14-OSC32_IN.Signal=GPIO_Input
PC15-OSC32_OUT.GPIOParameters=GPIO_Label
PC15-OSC32_OUT.GPIO_Label=AccelInt2
PC15-OSC32_OUT.Locked=true
PC15-OSC32_OUT.Signal=GPIO_Input
PC2.GPIOParameters=GPIO_Label
PC2.GPIO_Label=MAX1932_\!CL2
PC2.Locked=true
PC2.Signal=GPIO_Input
PC3.Locked=true
PC3.Mode=Simplex_Bidirectional_Master
PC3.Signal=SPI2_MOSI
PC7.GPIOParameters=GPIO_Label
PC7.GPIO_Label=HVPSU_CS2
PC7.Locked=true
PC7.Signal=GPIO_Output
PC8.GPIOParameters=GPIO_Label
PC8.GPIO_Label=HVPSU_CS1
PC8.Locked=true
PC8.Signal=GPIO_Output
PC9.GPIOParameters=GPIO_Label
PC9.GPIO_Label=MAG_INT
PC9.Locked=true
PC9.Signal=GPIO_Input
PCC.Checker=false
PCC.Line=STM32F401
PCC.MCU=STM32F401R(D-E)Tx
PCC.PartNumber=STM32F401RETx
PCC.Seq0=0
PCC.Series=STM32F4
PCC.Temperature=25
PCC.Vdd=3.3
PH0\ -\ OSC_IN.Locked=true
PH0\ -\ OSC_IN.Mode=HSE-External-Oscillator
PH0\ -\ OSC_IN.Signal=RCC_OSC_IN
PH1\ -\ OSC_OUT.Locked=true
PH1\ -\ OSC_OUT.Mode=HSE-External-Oscillator
PH1\ -\ OSC_OUT.Signal=RCC_OSC_OUT
PinOutPanel.RotationAngle=0
RCC.48MHZClocksFreq_Value=48000000
RCC.AHBFreq_Value=16000000
RCC.APB1Freq_Value=16000000
RCC.APB2Freq_Value=16000000
RCC.CortexFreq_Value=16000000
RCC.HSE_VALUE=8000000
RCC.HSI_VALUE=16000000
RCC.I2SClocksFreq_Value=192000000
RCC.IPParameters=48MHZClocksFreq_Value,AHBFreq_Value,APB1Freq_Value,APB2Freq_Value,CortexFreq_Value,HSE_VALUE,HSI_VALUE,I2SClocksFreq_Value,LSE_VALUE,LSI_VALUE,PLLCLKFreq_Value,PLLM,PLLN,PLLQ,PLLQCLKFreq_Value,RTCFreq_Value,RTCHSEDivFreq_Value,SYSCLKFreq_VALUE,VCOI2SOutputFreq_Value,VCOInputFreq_Value,VCOOutputFreq_Value,VcooutputI2S
RCC.LSE_VALUE=32768
RCC.LSI_VALUE=32000
RCC.PLLCLKFreq_Value=72000000
RCC.PLLM=4
RCC.PLLN=72
RCC.PLLQ=3
RCC.PLLQCLKFreq_Value=48000000
RCC.RTCFreq_Value=32000
RCC.RTCHSEDivFreq_Value=4000000
RCC.SYSCLKFreq_VALUE=16000000
RCC.VCOI2SOutputFreq_Value=384000000
RCC.VCOInputFreq_Value=2000000
RCC.VCOOutputFreq_Value=144000000
RCC.VcooutputI2S=192000000
SH.ADCx_IN0.0=ADC1_IN0,IN0
SH.ADCx_IN0.ConfNb=1
SH.ADCx_IN1.0=ADC1_IN1,IN1
SH.ADCx_IN1.ConfNb=1
SH.ADCx_IN7.0=ADC1_IN7,IN7
SH.ADCx_IN7.ConfNb=1
SH.ADCx_IN8.0=ADC1_IN8,IN8
SH.ADCx_IN8.ConfNb=1
SH.S_TIM2_CH1_ETR.0=TIM2_CH1,Input_Capture1_from_TI1
SH.S_TIM2_CH1_ETR.ConfNb=1
SH.S_TIM2_CH3.0=TIM2_CH3,Input_Capture3_from_TI3
SH.S_TIM2_CH3.ConfNb=1
SH.S_TIM3_CH1.0=TIM3_CH1,PWM Generation1 CH1
SH.S_TIM3_CH1.ConfNb=1
SPI2.Direction=SPI_DIRECTION_1LINE
SPI2.IPParameters=VirtualType,Mode,Direction
SPI2.Mode=SPI_MODE_MASTER
SPI2.VirtualType=VM_MASTER
TIM2.Channel-Input_Capture1_from_TI1=TIM_CHANNEL_1
TIM2.Channel-Input_Capture3_from_TI3=TIM_CHANNEL_3
TIM2.IPParameters=Channel-Input_Capture1_from_TI1,Channel-Input_Capture3_from_TI3
TIM3.Channel-PWM\ Generation1\ CH1=TIM_CHANNEL_1
TIM3.IPParameters=Channel-PWM Generation1 CH1
USART1.IPParameters=VirtualMode
USART1.VirtualMode=VM_ASYNC
USART2.IPParameters=VirtualMode
USART2.VirtualMode=VM_ASYNC
USB_OTG_FS.IPParameters=VirtualMode
USB_OTG_FS.VirtualMode=Device_Only
VP_ADC1_TempSens_Input.Mode=IN-TempSens
VP_ADC1_TempSens_Input.Signal=ADC1_TempSens_Input
VP_ADC1_Vref_Input.Mode=IN-Vrefint
VP_ADC1_Vref_Input.Signal=ADC1_Vref_Input
VP_RTC_VS_RTC_Activate.Mode=RTC_Enabled
VP_RTC_VS_RTC_Activate.Signal=RTC_VS_RTC_Activate
VP_SYS_VS_Systick.Mode=SysTick
VP_SYS_VS_Systick.Signal=SYS_VS_Systick
VP_TIM2_VS_ClockSourceINT.Mode=Internal
VP_TIM2_VS_ClockSourceINT.Signal=TIM2_VS_ClockSourceINT
board=custom
